// !$*UTF8*$!
{
	archiveVersion = 1;
	classes = {
	};
	objectVersion = 46;
	objects = {

/* Begin PBXBuildFile section */
		8336268618FDF9CB00E618D7 /* Foundation.framework in Frameworks */ = {isa = PBXBuildFile; fileRef = 8336268518FDF9CB00E618D7 /* Foundation.framework */; };
		8336268818FDF9CB00E618D7 /* CoreGraphics.framework in Frameworks */ = {isa = PBXBuildFile; fileRef = 8336268718FDF9CB00E618D7 /* CoreGraphics.framework */; };
		8336268A18FDF9CB00E618D7 /* UIKit.framework in Frameworks */ = {isa = PBXBuildFile; fileRef = 8336268918FDF9CB00E618D7 /* UIKit.framework */; };
		8336269018FDF9CB00E618D7 /* InfoPlist.strings in Resources */ = {isa = PBXBuildFile; fileRef = 8336268E18FDF9CB00E618D7 /* InfoPlist.strings */; };
		8336269218FDF9CB00E618D7 /* main.m in Sources */ = {isa = PBXBuildFile; fileRef = 8336269118FDF9CB00E618D7 /* main.m */; };
		8336269618FDF9CB00E618D7 /* AppDelegate.m in Sources */ = {isa = PBXBuildFile; fileRef = 8336269518FDF9CB00E618D7 /* AppDelegate.m */; };
		8336269918FDF9CB00E618D7 /* Main.storyboard in Resources */ = {isa = PBXBuildFile; fileRef = 8336269718FDF9CB00E618D7 /* Main.storyboard */; };
		8336269C18FDF9CB00E618D7 /* ViewController.m in Sources */ = {isa = PBXBuildFile; fileRef = 8336269B18FDF9CB00E618D7 /* ViewController.m */; };
		8336269E18FDF9CB00E618D7 /* Images.xcassets in Resources */ = {isa = PBXBuildFile; fileRef = 8336269D18FDF9CB00E618D7 /* Images.xcassets */; };
		833626A518FDF9CB00E618D7 /* XCTest.framework in Frameworks */ = {isa = PBXBuildFile; fileRef = 833626A418FDF9CB00E618D7 /* XCTest.framework */; };
		833626A618FDF9CB00E618D7 /* Foundation.framework in Frameworks */ = {isa = PBXBuildFile; fileRef = 8336268518FDF9CB00E618D7 /* Foundation.framework */; };
		833626A718FDF9CB00E618D7 /* UIKit.framework in Frameworks */ = {isa = PBXBuildFile; fileRef = 8336268918FDF9CB00E618D7 /* UIKit.framework */; };
		833626AF18FDF9CB00E618D7 /* InfoPlist.strings in Resources */ = {isa = PBXBuildFile; fileRef = 833626AD18FDF9CB00E618D7 /* InfoPlist.strings */; };
		833626B118FDF9CB00E618D7 /* Http_Demo_iOSTests.m in Sources */ = {isa = PBXBuildFile; fileRef = 833626B018FDF9CB00E618D7 /* Http_Demo_iOSTests.m */; };
/* End PBXBuildFile section */

/* Begin PBXContainerItemProxy section */
		833626A818FDF9CB00E618D7 /* PBXContainerItemProxy */ = {
			isa = PBXContainerItemProxy;
			containerPortal = 8336267A18FDF9CB00E618D7 /* Project object */;
			proxyType = 1;
			remoteGlobalIDString = 8336268118FDF9CB00E618D7;
			remoteInfo = "Http-Demo-iOS";
		};
/* End PBXContainerItemProxy section */

/* Begin PBXFileReference section */
		8336268218FDF9CB00E618D7 /* Http-Demo-iOS.app */ = {isa = PBXFileReference; explicitFileType = wrapper.application; includeInIndex = 0; path = "Http-Demo-iOS.app"; sourceTree = BUILT_PRODUCTS_DIR; };
		8336268518FDF9CB00E618D7 /* Foundation.framework */ = {isa = PBXFileReference; lastKnownFileType = wrapper.framework; name = Foundation.framework; path = System/Library/Frameworks/Foundation.framework; sourceTree = SDKROOT; };
		8336268718FDF9CB00E618D7 /* CoreGraphics.framework */ = {isa = PBXFileReference; lastKnownFileType = wrapper.framework; name = CoreGraphics.framework; path = System/Library/Frameworks/CoreGraphics.framework; sourceTree = SDKROOT; };
		8336268918FDF9CB00E618D7 /* UIKit.framework */ = {isa = PBXFileReference; lastKnownFileType = wrapper.framework; name = UIKit.framework; path = System/Library/Frameworks/UIKit.framework; sourceTree = SDKROOT; };
		8336268D18FDF9CB00E618D7 /* Http-Demo-iOS-Info.plist */ = {isa = PBXFileReference; lastKnownFileType = text.plist.xml; path = "Http-Demo-iOS-Info.plist"; sourceTree = "<group>"; };
		8336268F18FDF9CB00E618D7 /* en */ = {isa = PBXFileReference; lastKnownFileType = text.plist.strings; name = en; path = en.lproj/InfoPlist.strings; sourceTree = "<group>"; };
		8336269118FDF9CB00E618D7 /* main.m */ = {isa = PBXFileReference; lastKnownFileType = sourcecode.c.objc; path = main.m; sourceTree = "<group>"; };
		8336269318FDF9CB00E618D7 /* Http-Demo-iOS-Prefix.pch */ = {isa = PBXFileReference; lastKnownFileType = sourcecode.c.h; path = "Http-Demo-iOS-Prefix.pch"; sourceTree = "<group>"; };
		8336269418FDF9CB00E618D7 /* AppDelegate.h */ = {isa = PBXFileReference; lastKnownFileType = sourcecode.c.h; path = AppDelegate.h; sourceTree = "<group>"; };
		8336269518FDF9CB00E618D7 /* AppDelegate.m */ = {isa = PBXFileReference; lastKnownFileType = sourcecode.c.objc; path = AppDelegate.m; sourceTree = "<group>"; };
		8336269818FDF9CB00E618D7 /* Base */ = {isa = PBXFileReference; lastKnownFileType = file.storyboard; name = Base; path = Base.lproj/Main.storyboard; sourceTree = "<group>"; };
		8336269A18FDF9CB00E618D7 /* ViewController.h */ = {isa = PBXFileReference; lastKnownFileType = sourcecode.c.h; path = ViewController.h; sourceTree = "<group>"; };
		8336269B18FDF9CB00E618D7 /* ViewController.m */ = {isa = PBXFileReference; lastKnownFileType = sourcecode.c.objc; path = ViewController.m; sourceTree = "<group>"; };
		8336269D18FDF9CB00E618D7 /* Images.xcassets */ = {isa = PBXFileReference; lastKnownFileType = folder.assetcatalog; path = Images.xcassets; sourceTree = "<group>"; };
		833626A318FDF9CB00E618D7 /* Http-Demo-iOSTests.xctest */ = {isa = PBXFileReference; explicitFileType = wrapper.cfbundle; includeInIndex = 0; path = "Http-Demo-iOSTests.xctest"; sourceTree = BUILT_PRODUCTS_DIR; };
		833626A418FDF9CB00E618D7 /* XCTest.framework */ = {isa = PBXFileReference; lastKnownFileType = wrapper.framework; name = XCTest.framework; path = Library/Frameworks/XCTest.framework; sourceTree = DEVELOPER_DIR; };
		833626AC18FDF9CB00E618D7 /* Http-Demo-iOSTests-Info.plist */ = {isa = PBXFileReference; lastKnownFileType = text.plist.xml; path = "Http-Demo-iOSTests-Info.plist"; sourceTree = "<group>"; };
		833626AE18FDF9CB00E618D7 /* en */ = {isa = PBXFileReference; lastKnownFileType = text.plist.strings; name = en; path = en.lproj/InfoPlist.strings; sourceTree = "<group>"; };
		833626B018FDF9CB00E618D7 /* Http_Demo_iOSTests.m */ = {isa = PBXFileReference; lastKnownFileType = sourcecode.c.objc; path = Http_Demo_iOSTests.m; sourceTree = "<group>"; };
/* End PBXFileReference section */

/* Begin PBXFrameworksBuildPhase section */
		8336267F18FDF9CB00E618D7 /* Frameworks */ = {
			isa = PBXFrameworksBuildPhase;
			buildActionMask = 2147483647;
			files = (
				8336268818FDF9CB00E618D7 /* CoreGraphics.framework in Frameworks */,
				8336268A18FDF9CB00E618D7 /* UIKit.framework in Frameworks */,
				8336268618FDF9CB00E618D7 /* Foundation.framework in Frameworks */,
			);
			runOnlyForDeploymentPostprocessing = 0;
		};
		833626A018FDF9CB00E618D7 /* Frameworks */ = {
			isa = PBXFrameworksBuildPhase;
			buildActionMask = 2147483647;
			files = (
				833626A518FDF9CB00E618D7 /* XCTest.framework in Frameworks */,
				833626A718FDF9CB00E618D7 /* UIKit.framework in Frameworks */,
				833626A618FDF9CB00E618D7 /* Foundation.framework in Frameworks */,
			);
			runOnlyForDeploymentPostprocessing = 0;
		};
/* End PBXFrameworksBuildPhase section */

/* Begin PBXGroup section */
		8336267918FDF9CB00E618D7 = {
			isa = PBXGroup;
			children = (
				8336268B18FDF9CB00E618D7 /* Http-Demo-iOS */,
				833626AA18FDF9CB00E618D7 /* Http-Demo-iOSTests */,
				8336268418FDF9CB00E618D7 /* Frameworks */,
				8336268318FDF9CB00E618D7 /* Products */,
			);
			sourceTree = "<group>";
		};
		8336268318FDF9CB00E618D7 /* Products */ = {
			isa = PBXGroup;
			children = (
				8336268218FDF9CB00E618D7 /* Http-Demo-iOS.app */,
				833626A318FDF9CB00E618D7 /* Http-Demo-iOSTests.xctest */,
			);
			name = Products;
			sourceTree = "<group>";
		};
		8336268418FDF9CB00E618D7 /* Frameworks */ = {
			isa = PBXGroup;
			children = (
				8336268518FDF9CB00E618D7 /* Foundation.framework */,
				8336268718FDF9CB00E618D7 /* CoreGraphics.framework */,
				8336268918FDF9CB00E618D7 /* UIKit.framework */,
				833626A418FDF9CB00E618D7 /* XCTest.framework */,
			);
			name = Frameworks;
			sourceTree = "<group>";
		};
		8336268B18FDF9CB00E618D7 /* Http-Demo-iOS */ = {
			isa = PBXGroup;
			children = (
				8336269418FDF9CB00E618D7 /* AppDelegate.h */,
				8336269518FDF9CB00E618D7 /* AppDelegate.m */,
				8336269718FDF9CB00E618D7 /* Main.storyboard */,
				8336269A18FDF9CB00E618D7 /* ViewController.h */,
				8336269B18FDF9CB00E618D7 /* ViewController.m */,
				8336269D18FDF9CB00E618D7 /* Images.xcassets */,
				8336268C18FDF9CB00E618D7 /* Supporting Files */,
			);
			path = "Http-Demo-iOS";
			sourceTree = "<group>";
		};
		8336268C18FDF9CB00E618D7 /* Supporting Files */ = {
			isa = PBXGroup;
			children = (
				8336268D18FDF9CB00E618D7 /* Http-Demo-iOS-Info.plist */,
				8336268E18FDF9CB00E618D7 /* InfoPlist.strings */,
				8336269118FDF9CB00E618D7 /* main.m */,
				8336269318FDF9CB00E618D7 /* Http-Demo-iOS-Prefix.pch */,
			);
			name = "Supporting Files";
			sourceTree = "<group>";
		};
		833626AA18FDF9CB00E618D7 /* Http-Demo-iOSTests */ = {
			isa = PBXGroup;
			children = (
				833626B018FDF9CB00E618D7 /* Http_Demo_iOSTests.m */,
				833626AB18FDF9CB00E618D7 /* Supporting Files */,
			);
			path = "Http-Demo-iOSTests";
			sourceTree = "<group>";
		};
		833626AB18FDF9CB00E618D7 /* Supporting Files */ = {
			isa = PBXGroup;
			children = (
				833626AC18FDF9CB00E618D7 /* Http-Demo-iOSTests-Info.plist */,
				833626AD18FDF9CB00E618D7 /* InfoPlist.strings */,
			);
			name = "Supporting Files";
			sourceTree = "<group>";
		};
/* End PBXGroup section */

/* Begin PBXNativeTarget section */
		8336268118FDF9CB00E618D7 /* Http-Demo-iOS */ = {
			isa = PBXNativeTarget;
			buildConfigurationList = 833626B418FDF9CB00E618D7 /* Build configuration list for PBXNativeTarget "Http-Demo-iOS" */;
			buildPhases = (
				8336267E18FDF9CB00E618D7 /* Sources */,
				8336267F18FDF9CB00E618D7 /* Frameworks */,
				8336268018FDF9CB00E618D7 /* Resources */,
			);
			buildRules = (
			);
			dependencies = (
			);
			name = "Http-Demo-iOS";
			productName = "Http-Demo-iOS";
			productReference = 8336268218FDF9CB00E618D7 /* Http-Demo-iOS.app */;
			productType = "com.apple.product-type.application";
		};
		833626A218FDF9CB00E618D7 /* Http-Demo-iOSTests */ = {
			isa = PBXNativeTarget;
			buildConfigurationList = 833626B718FDF9CB00E618D7 /* Build configuration list for PBXNativeTarget "Http-Demo-iOSTests" */;
			buildPhases = (
				8336269F18FDF9CB00E618D7 /* Sources */,
				833626A018FDF9CB00E618D7 /* Frameworks */,
				833626A118FDF9CB00E618D7 /* Resources */,
			);
			buildRules = (
			);
			dependencies = (
				833626A918FDF9CB00E618D7 /* PBXTargetDependency */,
			);
			name = "Http-Demo-iOSTests";
			productName = "Http-Demo-iOSTests";
			productReference = 833626A318FDF9CB00E618D7 /* Http-Demo-iOSTests.xctest */;
			productType = "com.apple.product-type.bundle.unit-test";
		};
/* End PBXNativeTarget section */

/* Begin PBXProject section */
		8336267A18FDF9CB00E618D7 /* Project object */ = {
			isa = PBXProject;
			attributes = {
				LastUpgradeCheck = 0510;
				ORGANIZATIONNAME = cdvconcepts;
				TargetAttributes = {
					833626A218FDF9CB00E618D7 = {
						TestTargetID = 8336268118FDF9CB00E618D7;
					};
				};
			};
			buildConfigurationList = 8336267D18FDF9CB00E618D7 /* Build configuration list for PBXProject "Http-Demo-iOS" */;
			compatibilityVersion = "Xcode 3.2";
			developmentRegion = English;
			hasScannedForEncodings = 0;
			knownRegions = (
				en,
				Base,
			);
			mainGroup = 8336267918FDF9CB00E618D7;
			productRefGroup = 8336268318FDF9CB00E618D7 /* Products */;
			projectDirPath = "";
			projectRoot = "";
			targets = (
				8336268118FDF9CB00E618D7 /* Http-Demo-iOS */,
				833626A218FDF9CB00E618D7 /* Http-Demo-iOSTests */,
			);
		};
/* End PBXProject section */

/* Begin PBXResourcesBuildPhase section */
		8336268018FDF9CB00E618D7 /* Resources */ = {
			isa = PBXResourcesBuildPhase;
			buildActionMask = 2147483647;
			files = (
				8336269E18FDF9CB00E618D7 /* Images.xcassets in Resources */,
				8336269018FDF9CB00E618D7 /* InfoPlist.strings in Resources */,
				8336269918FDF9CB00E618D7 /* Main.storyboard in Resources */,
			);
			runOnlyForDeploymentPostprocessing = 0;
		};
		833626A118FDF9CB00E618D7 /* Resources */ = {
			isa = PBXResourcesBuildPhase;
			buildActionMask = 2147483647;
			files = (
				833626AF18FDF9CB00E618D7 /* InfoPlist.strings in Resources */,
			);
			runOnlyForDeploymentPostprocessing = 0;
		};
/* End PBXResourcesBuildPhase section */

/* Begin PBXSourcesBuildPhase section */
		8336267E18FDF9CB00E618D7 /* Sources */ = {
			isa = PBXSourcesBuildPhase;
			buildActionMask = 2147483647;
			files = (
				8336269C18FDF9CB00E618D7 /* ViewController.m in Sources */,
				8336269618FDF9CB00E618D7 /* AppDelegate.m in Sources */,
				8336269218FDF9CB00E618D7 /* main.m in Sources */,
			);
			runOnlyForDeploymentPostprocessing = 0;
		};
		8336269F18FDF9CB00E618D7 /* Sources */ = {
			isa = PBXSourcesBuildPhase;
			buildActionMask = 2147483647;
			files = (
				833626B118FDF9CB00E618D7 /* Http_Demo_iOSTests.m in Sources */,
			);
			runOnlyForDeploymentPostprocessing = 0;
		};
/* End PBXSourcesBuildPhase section */

/* Begin PBXTargetDependency section */
		833626A918FDF9CB00E618D7 /* PBXTargetDependency */ = {
			isa = PBXTargetDependency;
			target = 8336268118FDF9CB00E618D7 /* Http-Demo-iOS */;
			targetProxy = 833626A818FDF9CB00E618D7 /* PBXContainerItemProxy */;
		};
/* End PBXTargetDependency section */

/* Begin PBXVariantGroup section */
		8336268E18FDF9CB00E618D7 /* InfoPlist.strings */ = {
			isa = PBXVariantGroup;
			children = (
				8336268F18FDF9CB00E618D7 /* en */,
			);
			name = InfoPlist.strings;
			sourceTree = "<group>";
		};
		8336269718FDF9CB00E618D7 /* Main.storyboard */ = {
			isa = PBXVariantGroup;
			children = (
				8336269818FDF9CB00E618D7 /* Base */,
			);
			name = Main.storyboard;
			sourceTree = "<group>";
		};
		833626AD18FDF9CB00E618D7 /* InfoPlist.strings */ = {
			isa = PBXVariantGroup;
			children = (
				833626AE18FDF9CB00E618D7 /* en */,
			);
			name = InfoPlist.strings;
			sourceTree = "<group>";
		};
/* End PBXVariantGroup section */

/* Begin XCBuildConfiguration section */
		833626B218FDF9CB00E618D7 /* Debug */ = {
			isa = XCBuildConfiguration;
			buildSettings = {
				ALWAYS_SEARCH_USER_PATHS = NO;
				CLANG_CXX_LANGUAGE_STANDARD = "gnu++0x";
				CLANG_CXX_LIBRARY = "libc++";
				CLANG_ENABLE_MODULES = YES;
				CLANG_ENABLE_OBJC_ARC = YES;
				CLANG_WARN_BOOL_CONVERSION = YES;
				CLANG_WARN_CONSTANT_CONVERSION = YES;
				CLANG_WARN_DIRECT_OBJC_ISA_USAGE = YES_ERROR;
				CLANG_WARN_EMPTY_BODY = YES;
				CLANG_WARN_ENUM_CONVERSION = YES;
				CLANG_WARN_INT_CONVERSION = YES;
				CLANG_WARN_OBJC_ROOT_CLASS = YES_ERROR;
				CLANG_WARN__DUPLICATE_METHOD_MATCH = YES;
				"CODE_SIGN_IDENTITY[sdk=iphoneos*]" = "iPhone Developer";
				COPY_PHASE_STRIP = NO;
				GCC_C_LANGUAGE_STANDARD = gnu99;
				GCC_DYNAMIC_NO_PIC = NO;
				GCC_OPTIMIZATION_LEVEL = 0;
				GCC_PREPROCESSOR_DEFINITIONS = (
					"DEBUG=1",
					"$(inherited)",
				);
				GCC_SYMBOLS_PRIVATE_EXTERN = NO;
				GCC_WARN_64_TO_32_BIT_CONVERSION = YES;
				GCC_WARN_ABOUT_RETURN_TYPE = YES_ERROR;
				GCC_WARN_UNDECLARED_SELECTOR = YES;
				GCC_WARN_UNINITIALIZED_AUTOS = YES_AGGRESSIVE;
				GCC_WARN_UNUSED_FUNCTION = YES;
				GCC_WARN_UNUSED_VARIABLE = YES;
				IPHONEOS_DEPLOYMENT_TARGET = 7.1;
				ONLY_ACTIVE_ARCH = YES;
				SDKROOT = iphoneos;
			};
			name = Debug;
		};
		833626B318FDF9CB00E618D7 /* Release */ = {
			isa = XCBuildConfiguration;
			buildSettings = {
				ALWAYS_SEARCH_USER_PATHS = NO;
				CLANG_CXX_LANGUAGE_STANDARD = "gnu++0x";
				CLANG_CXX_LIBRARY = "libc++";
				CLANG_ENABLE_MODULES = YES;
				CLANG_ENABLE_OBJC_ARC = YES;
				CLANG_WARN_BOOL_CONVERSION = YES;
				CLANG_WARN_CONSTANT_CONVERSION = YES;
				CLANG_WARN_DIRECT_OBJC_ISA_USAGE = YES_ERROR;
				CLANG_WARN_EMPTY_BODY = YES;
				CLANG_WARN_ENUM_CONVERSION = YES;
				CLANG_WARN_INT_CONVERSION = YES;
				CLANG_WARN_OBJC_ROOT_CLASS = YES_ERROR;
				CLANG_WARN__DUPLICATE_METHOD_MATCH = YES;
				"CODE_SIGN_IDENTITY[sdk=iphoneos*]" = "iPhone Developer";
				COPY_PHASE_STRIP = YES;
				ENABLE_NS_ASSERTIONS = NO;
				GCC_C_LANGUAGE_STANDARD = gnu99;
				GCC_WARN_64_TO_32_BIT_CONVERSION = YES;
				GCC_WARN_ABOUT_RETURN_TYPE = YES_ERROR;
				GCC_WARN_UNDECLARED_SELECTOR = YES;
				GCC_WARN_UNINITIALIZED_AUTOS = YES_AGGRESSIVE;
				GCC_WARN_UNUSED_FUNCTION = YES;
				GCC_WARN_UNUSED_VARIABLE = YES;
				IPHONEOS_DEPLOYMENT_TARGET = 7.1;
				SDKROOT = iphoneos;
				VALIDATE_PRODUCT = YES;
			};
			name = Release;
		};
		833626B518FDF9CB00E618D7 /* Debug */ = {
			isa = XCBuildConfiguration;
			buildSettings = {
				ASSETCATALOG_COMPILER_APPICON_NAME = AppIcon;
				ASSETCATALOG_COMPILER_LAUNCHIMAGE_NAME = LaunchImage;
				GCC_PRECOMPILE_PREFIX_HEADER = YES;
				GCC_PREFIX_HEADER = "Http-Demo-iOS/Http-Demo-iOS-Prefix.pch";
				INFOPLIST_FILE = "Http-Demo-iOS/Http-Demo-iOS-Info.plist";
				PRODUCT_NAME = "$(TARGET_NAME)";
				WRAPPER_EXTENSION = app;
			};
			name = Debug;
		};
		833626B618FDF9CB00E618D7 /* Release */ = {
			isa = XCBuildConfiguration;
			buildSettings = {
				ASSETCATALOG_COMPILER_APPICON_NAME = AppIcon;
				ASSETCATALOG_COMPILER_LAUNCHIMAGE_NAME = LaunchImage;
				GCC_PRECOMPILE_PREFIX_HEADER = YES;
				GCC_PREFIX_HEADER = "Http-Demo-iOS/Http-Demo-iOS-Prefix.pch";
				INFOPLIST_FILE = "Http-Demo-iOS/Http-Demo-iOS-Info.plist";
				PRODUCT_NAME = "$(TARGET_NAME)";
				WRAPPER_EXTENSION = app;
			};
			name = Release;
		};
		833626B818FDF9CB00E618D7 /* Debug */ = {
			isa = XCBuildConfiguration;
			buildSettings = {
				BUNDLE_LOADER = "$(BUILT_PRODUCTS_DIR)/Http-Demo-iOS.app/Http-Demo-iOS";
				FRAMEWORK_SEARCH_PATHS = (
					"$(SDKROOT)/Developer/Library/Frameworks",
					"$(inherited)",
					"$(DEVELOPER_FRAMEWORKS_DIR)",
				);
				GCC_PRECOMPILE_PREFIX_HEADER = YES;
				GCC_PREFIX_HEADER = "Http-Demo-iOS/Http-Demo-iOS-Prefix.pch";
				GCC_PREPROCESSOR_DEFINITIONS = (
					"DEBUG=1",
					"$(inherited)",
				);
				INFOPLIST_FILE = "Http-Demo-iOSTests/Http-Demo-iOSTests-Info.plist";
				PRODUCT_NAME = "$(TARGET_NAME)";
				TEST_HOST = "$(BUNDLE_LOADER)";
				WRAPPER_EXTENSION = xctest;
			};
			name = Debug;
		};
		833626B918FDF9CB00E618D7 /* Release */ = {
			isa = XCBuildConfiguration;
			buildSettings = {
				BUNDLE_LOADER = "$(BUILT_PRODUCTS_DIR)/Http-Demo-iOS.app/Http-Demo-iOS";
				FRAMEWORK_SEARCH_PATHS = (
					"$(SDKROOT)/Developer/Library/Frameworks",
					"$(inherited)",
					"$(DEVELOPER_FRAMEWORKS_DIR)",
				);
				GCC_PRECOMPILE_PREFIX_HEADER = YES;
				GCC_PREFIX_HEADER = "Http-Demo-iOS/Http-Demo-iOS-Prefix.pch";
				INFOPLIST_FILE = "Http-Demo-iOSTests/Http-Demo-iOSTests-Info.plist";
				PRODUCT_NAME = "$(TARGET_NAME)";
				TEST_HOST = "$(BUNDLE_LOADER)";
				WRAPPER_EXTENSION = xctest;
			};
			name = Release;
		};
/* End XCBuildConfiguration section */

/* Begin XCConfigurationList section */
		8336267D18FDF9CB00E618D7 /* Build configuration list for PBXProject "Http-Demo-iOS" */ = {
			isa = XCConfigurationList;
			buildConfigurations = (
				833626B218FDF9CB00E618D7 /* Debug */,
				833626B318FDF9CB00E618D7 /* Release */,
			);
			defaultConfigurationIsVisible = 0;
			defaultConfigurationName = Release;
		};
		833626B418FDF9CB00E618D7 /* Build configuration list for PBXNativeTarget "Http-Demo-iOS" */ = {
			isa = XCConfigurationList;
			buildConfigurations = (
				833626B518FDF9CB00E618D7 /* Debug */,
				833626B618FDF9CB00E618D7 /* Release */,
			);
			defaultConfigurationIsVisible = 0;
		};
		833626B718FDF9CB00E618D7 /* Build configuration list for PBXNativeTarget "Http-Demo-iOSTests" */ = {
			isa = XCConfigurationList;
			buildConfigurations = (
				833626B818FDF9CB00E618D7 /* Debug */,
				833626B918FDF9CB00E618D7 /* Release */,
			);
			defaultConfigurationIsVisible = 0;
		};
/* End XCConfigurationList section */
	};
	rootObject = 8336267A18FDF9CB00E618D7 /* Project object */;
}
